// !$*UTF8*$!
{
	archiveVersion = 1;
	classes = {
	};
	objectVersion = 48;
	objects = {

/* Begin PBXBuildFile section */
		056006A8209524950005A4BD /* ding.m4a in Resources */ = {isa = PBXBuildFile; fileRef = 056006A7209524950005A4BD /* ding.m4a */; };
		05EB95312094665400A5D76C /* AppDelegate.swift in Sources */ = {isa = PBXBuildFile; fileRef = 05EB95302094665400A5D76C /* AppDelegate.swift */; };
		05EB95332094665400A5D76C /* Assets.xcassets in Resources */ = {isa = PBXBuildFile; fileRef = 05EB95322094665400A5D76C /* Assets.xcassets */; };
		05EB95362094665400A5D76C /* MainMenu.xib in Resources */ = {isa = PBXBuildFile; fileRef = 05EB95342094665400A5D76C /* MainMenu.xib */; };
		05F4B7F42098C23400D9D5FE /* TODO.md in Resources */ = {isa = PBXBuildFile; fileRef = 05F4B7F32098C23400D9D5FE /* TODO.md */; };
		05F4B7F62098DFC500D9D5FE /* CALayer+PauseAnimation.swift in Sources */ = {isa = PBXBuildFile; fileRef = 05F4B7F52098DFC500D9D5FE /* CALayer+PauseAnimation.swift */; };
		05F4B7F82099AAAE00D9D5FE /* Int+format.swift in Sources */ = {isa = PBXBuildFile; fileRef = 05F4B7F72099AAAE00D9D5FE /* Int+format.swift */; };
		05F4B7FA2099F5A500D9D5FE /* AppDelegate+menu.swift in Sources */ = {isa = PBXBuildFile; fileRef = 05F4B7F92099F5A500D9D5FE /* AppDelegate+menu.swift */; };
		05F4B7FC2099F63100D9D5FE /* AppDelegate+Handlers.swift in Sources */ = {isa = PBXBuildFile; fileRef = 05F4B7FB2099F63100D9D5FE /* AppDelegate+Handlers.swift */; };
		05F4B7FE209A64FC00D9D5FE /* MenuState.swift in Sources */ = {isa = PBXBuildFile; fileRef = 05F4B7FD209A64FC00D9D5FE /* MenuState.swift */; };
		05F4B805209B488D00D9D5FE /* AppDelegate+Notifications.swift in Sources */ = {isa = PBXBuildFile; fileRef = 05F4B804209B488D00D9D5FE /* AppDelegate+Notifications.swift */; };
/* End PBXBuildFile section */

/* Begin PBXFileReference section */
		056006A520950F520005A4BD /* README.md */ = {isa = PBXFileReference; lastKnownFileType = net.daringfireball.markdown; path = README.md; sourceTree = "<group>"; };
		056006A7209524950005A4BD /* ding.m4a */ = {isa = PBXFileReference; lastKnownFileType = file; path = ding.m4a; sourceTree = "<group>"; };
		05EB952D2094665400A5D76C /* flowcus.app */ = {isa = PBXFileReference; explicitFileType = wrapper.application; includeInIndex = 0; path = flowcus.app; sourceTree = BUILT_PRODUCTS_DIR; };
		05EB95302094665400A5D76C /* AppDelegate.swift */ = {isa = PBXFileReference; lastKnownFileType = sourcecode.swift; path = AppDelegate.swift; sourceTree = "<group>"; };
		05EB95322094665400A5D76C /* Assets.xcassets */ = {isa = PBXFileReference; lastKnownFileType = folder.assetcatalog; path = Assets.xcassets; sourceTree = "<group>"; };
		05EB95352094665400A5D76C /* Base */ = {isa = PBXFileReference; lastKnownFileType = file.xib; name = Base; path = Base.lproj/MainMenu.xib; sourceTree = "<group>"; };
		05EB95372094665400A5D76C /* Info.plist */ = {isa = PBXFileReference; lastKnownFileType = text.plist.xml; path = Info.plist; sourceTree = "<group>"; };
		05EB95382094665400A5D76C /* flowcus.entitlements */ = {isa = PBXFileReference; lastKnownFileType = text.plist.entitlements; path = flowcus.entitlements; sourceTree = "<group>"; };
		05F4B7F32098C23400D9D5FE /* TODO.md */ = {isa = PBXFileReference; lastKnownFileType = net.daringfireball.markdown; path = TODO.md; sourceTree = "<group>"; };
		05F4B7F52098DFC500D9D5FE /* CALayer+PauseAnimation.swift */ = {isa = PBXFileReference; lastKnownFileType = sourcecode.swift; path = "CALayer+PauseAnimation.swift"; sourceTree = "<group>"; };
		05F4B7F72099AAAE00D9D5FE /* Int+format.swift */ = {isa = PBXFileReference; lastKnownFileType = sourcecode.swift; path = "Int+format.swift"; sourceTree = "<group>"; };
		05F4B7F92099F5A500D9D5FE /* AppDelegate+menu.swift */ = {isa = PBXFileReference; lastKnownFileType = sourcecode.swift; path = "AppDelegate+menu.swift"; sourceTree = "<group>"; };
		05F4B7FB2099F63100D9D5FE /* AppDelegate+Handlers.swift */ = {isa = PBXFileReference; lastKnownFileType = sourcecode.swift; path = "AppDelegate+Handlers.swift"; sourceTree = "<group>"; };
		05F4B7FD209A64FC00D9D5FE /* MenuState.swift */ = {isa = PBXFileReference; lastKnownFileType = sourcecode.swift; path = MenuState.swift; sourceTree = "<group>"; };
		05F4B804209B488D00D9D5FE /* AppDelegate+Notifications.swift */ = {isa = PBXFileReference; lastKnownFileType = sourcecode.swift; path = "AppDelegate+Notifications.swift"; sourceTree = "<group>"; };
/* End PBXFileReference section */

/* Begin PBXFrameworksBuildPhase section */
		05EB952A2094665400A5D76C /* Frameworks */ = {
			isa = PBXFrameworksBuildPhase;
			buildActionMask = 2147483647;
			files = (
			);
			runOnlyForDeploymentPostprocessing = 0;
		};
/* End PBXFrameworksBuildPhase section */

/* Begin PBXGroup section */
		05EB95242094665400A5D76C = {
			isa = PBXGroup;
			children = (
				05EB952F2094665400A5D76C /* flowcus */,
				05EB952E2094665400A5D76C /* Products */,
			);
			sourceTree = "<group>";
		};
		05EB952E2094665400A5D76C /* Products */ = {
			isa = PBXGroup;
			children = (
				05EB952D2094665400A5D76C /* flowcus.app */,
			);
			name = Products;
			sourceTree = "<group>";
		};
		05EB952F2094665400A5D76C /* flowcus */ = {
			isa = PBXGroup;
			children = (
				056006A7209524950005A4BD /* ding.m4a */,
				05EB95302094665400A5D76C /* AppDelegate.swift */,
				05EB95322094665400A5D76C /* Assets.xcassets */,
				05EB95342094665400A5D76C /* MainMenu.xib */,
				05EB95372094665400A5D76C /* Info.plist */,
				05EB95382094665400A5D76C /* flowcus.entitlements */,
				056006A520950F520005A4BD /* README.md */,
				05F4B7F32098C23400D9D5FE /* TODO.md */,
				05F4B7F52098DFC500D9D5FE /* CALayer+PauseAnimation.swift */,
				05F4B7F72099AAAE00D9D5FE /* Int+format.swift */,
				05F4B7F92099F5A500D9D5FE /* AppDelegate+menu.swift */,
				05F4B7FB2099F63100D9D5FE /* AppDelegate+Handlers.swift */,
				05F4B7FD209A64FC00D9D5FE /* MenuState.swift */,
				05F4B804209B488D00D9D5FE /* AppDelegate+Notifications.swift */,
			);
			path = flowcus;
			sourceTree = "<group>";
		};
/* End PBXGroup section */

/* Begin PBXNativeTarget section */
		05EB952C2094665400A5D76C /* flowcus */ = {
			isa = PBXNativeTarget;
			buildConfigurationList = 05EB953B2094665400A5D76C /* Build configuration list for PBXNativeTarget "flowcus" */;
			buildPhases = (
				05EB95292094665400A5D76C /* Sources */,
				05EB952A2094665400A5D76C /* Frameworks */,
				05EB952B2094665400A5D76C /* Resources */,
			);
			buildRules = (
			);
			dependencies = (
			);
			name = flowcus;
			productName = flowcus;
			productReference = 05EB952D2094665400A5D76C /* flowcus.app */;
			productType = "com.apple.product-type.application";
		};
/* End PBXNativeTarget section */

/* Begin PBXProject section */
		05EB95252094665400A5D76C /* Project object */ = {
			isa = PBXProject;
			attributes = {
				LastSwiftUpdateCheck = 0920;
				LastUpgradeCheck = 0920;
				ORGANIZATIONNAME = CafeConCodigo;
				TargetAttributes = {
					05EB952C2094665400A5D76C = {
						CreatedOnToolsVersion = 9.2;
						ProvisioningStyle = Automatic;
					};
				};
			};
			buildConfigurationList = 05EB95282094665400A5D76C /* Build configuration list for PBXProject "flowcus" */;
			compatibilityVersion = "Xcode 8.0";
			developmentRegion = en;
			hasScannedForEncodings = 0;
			knownRegions = (
				en,
				Base,
			);
			mainGroup = 05EB95242094665400A5D76C;
			productRefGroup = 05EB952E2094665400A5D76C /* Products */;
			projectDirPath = "";
			projectRoot = "";
			targets = (
				05EB952C2094665400A5D76C /* flowcus */,
			);
		};
/* End PBXProject section */

/* Begin PBXResourcesBuildPhase section */
		05EB952B2094665400A5D76C /* Resources */ = {
			isa = PBXResourcesBuildPhase;
			buildActionMask = 2147483647;
			files = (
				05F4B7F42098C23400D9D5FE /* TODO.md in Resources */,
				05EB95332094665400A5D76C /* Assets.xcassets in Resources */,
				056006A8209524950005A4BD /* ding.m4a in Resources */,
				05EB95362094665400A5D76C /* MainMenu.xib in Resources */,
			);
			runOnlyForDeploymentPostprocessing = 0;
		};
/* End PBXResourcesBuildPhase section */

/* Begin PBXSourcesBuildPhase section */
		05EB95292094665400A5D76C /* Sources */ = {
			isa = PBXSourcesBuildPhase;
			buildActionMask = 2147483647;
			files = (
				05F4B7FE209A64FC00D9D5FE /* MenuState.swift in Sources */,
				05F4B805209B488D00D9D5FE /* AppDelegate+Notifications.swift in Sources */,
				05EB95312094665400A5D76C /* AppDelegate.swift in Sources */,
				05F4B7FC2099F63100D9D5FE /* AppDelegate+Handlers.swift in Sources */,
				05F4B7FA2099F5A500D9D5FE /* AppDelegate+menu.swift in Sources */,
				05F4B7F62098DFC500D9D5FE /* CALayer+PauseAnimation.swift in Sources */,
				05F4B7F82099AAAE00D9D5FE /* Int+format.swift in Sources */,
			);
			runOnlyForDeploymentPostprocessing = 0;
		};
/* End PBXSourcesBuildPhase section */

/* Begin PBXVariantGroup section */
		05EB95342094665400A5D76C /* MainMenu.xib */ = {
			isa = PBXVariantGroup;
			children = (
				05EB95352094665400A5D76C /* Base */,
			);
			name = MainMenu.xib;
			sourceTree = "<group>";
		};
/* End PBXVariantGroup section */

/* Begin XCBuildConfiguration section */
		05EB95392094665400A5D76C /* Debug */ = {
			isa = XCBuildConfiguration;
			buildSettings = {
				ALWAYS_SEARCH_USER_PATHS = NO;
				CLANG_ANALYZER_NONNULL = YES;
				CLANG_ANALYZER_NUMBER_OBJECT_CONVERSION = YES_AGGRESSIVE;
				CLANG_CXX_LANGUAGE_STANDARD = "gnu++14";
				CLANG_CXX_LIBRARY = "libc++";
				CLANG_ENABLE_MODULES = YES;
				CLANG_ENABLE_OBJC_ARC = YES;
				CLANG_WARN_BLOCK_CAPTURE_AUTORELEASING = YES;
				CLANG_WARN_BOOL_CONVERSION = YES;
				CLANG_WARN_COMMA = YES;
				CLANG_WARN_CONSTANT_CONVERSION = YES;
				CLANG_WARN_DIRECT_OBJC_ISA_USAGE = YES_ERROR;
				CLANG_WARN_DOCUMENTATION_COMMENTS = YES;
				CLANG_WARN_EMPTY_BODY = YES;
				CLANG_WARN_ENUM_CONVERSION = YES;
				CLANG_WARN_INFINITE_RECURSION = YES;
				CLANG_WARN_INT_CONVERSION = YES;
				CLANG_WARN_NON_LITERAL_NULL_CONVERSION = YES;
				CLANG_WARN_OBJC_LITERAL_CONVERSION = YES;
				CLANG_WARN_OBJC_ROOT_CLASS = YES_ERROR;
				CLANG_WARN_RANGE_LOOP_ANALYSIS = YES;
				CLANG_WARN_STRICT_PROTOTYPES = YES;
				CLANG_WARN_SUSPICIOUS_MOVE = YES;
				CLANG_WARN_UNGUARDED_AVAILABILITY = YES_AGGRESSIVE;
				CLANG_WARN_UNREACHABLE_CODE = YES;
				CLANG_WARN__DUPLICATE_METHOD_MATCH = YES;
				CODE_SIGN_IDENTITY = "-";
				COPY_PHASE_STRIP = NO;
				DEBUG_INFORMATION_FORMAT = dwarf;
				ENABLE_STRICT_OBJC_MSGSEND = YES;
				ENABLE_TESTABILITY = YES;
				GCC_C_LANGUAGE_STANDARD = gnu11;
				GCC_DYNAMIC_NO_PIC = NO;
				GCC_NO_COMMON_BLOCKS = YES;
				GCC_OPTIMIZATION_LEVEL = 0;
				GCC_PREPROCESSOR_DEFINITIONS = (
					"DEBUG=1",
					"$(inherited)",
				);
				GCC_WARN_64_TO_32_BIT_CONVERSION = YES;
				GCC_WARN_ABOUT_RETURN_TYPE = YES_ERROR;
				GCC_WARN_UNDECLARED_SELECTOR = YES;
				GCC_WARN_UNINITIALIZED_AUTOS = YES_AGGRESSIVE;
				GCC_WARN_UNUSED_FUNCTION = YES;
				GCC_WARN_UNUSED_VARIABLE = YES;
				MACOSX_DEPLOYMENT_TARGET = 10.12;
				MTL_ENABLE_DEBUG_INFO = YES;
				ONLY_ACTIVE_ARCH = YES;
				SDKROOT = macosx;
				SWIFT_ACTIVE_COMPILATION_CONDITIONS = DEBUG;
				SWIFT_OPTIMIZATION_LEVEL = "-Onone";
			};
			name = Debug;
		};
		05EB953A2094665400A5D76C /* Release */ = {
			isa = XCBuildConfiguration;
			buildSettings = {
				ALWAYS_SEARCH_USER_PATHS = NO;
				CLANG_ANALYZER_NONNULL = YES;
				CLANG_ANALYZER_NUMBER_OBJECT_CONVERSION = YES_AGGRESSIVE;
				CLANG_CXX_LANGUAGE_STANDARD = "gnu++14";
				CLANG_CXX_LIBRARY = "libc++";
				CLANG_ENABLE_MODULES = YES;
				CLANG_ENABLE_OBJC_ARC = YES;
				CLANG_WARN_BLOCK_CAPTURE_AUTORELEASING = YES;
				CLANG_WARN_BOOL_CONVERSION = YES;
				CLANG_WARN_COMMA = YES;
				CLANG_WARN_CONSTANT_CONVERSION = YES;
				CLANG_WARN_DIRECT_OBJC_ISA_USAGE = YES_ERROR;
				CLANG_WARN_DOCUMENTATION_COMMENTS = YES;
				CLANG_WARN_EMPTY_BODY = YES;
				CLANG_WARN_ENUM_CONVERSION = YES;
				CLANG_WARN_INFINITE_RECURSION = YES;
				CLANG_WARN_INT_CONVERSION = YES;
				CLANG_WARN_NON_LITERAL_NULL_CONVERSION = YES;
				CLANG_WARN_OBJC_LITERAL_CONVERSION = YES;
				CLANG_WARN_OBJC_ROOT_CLASS = YES_ERROR;
				CLANG_WARN_RANGE_LOOP_ANALYSIS = YES;
				CLANG_WARN_STRICT_PROTOTYPES = YES;
				CLANG_WARN_SUSPICIOUS_MOVE = YES;
				CLANG_WARN_UNGUARDED_AVAILABILITY = YES_AGGRESSIVE;
				CLANG_WARN_UNREACHABLE_CODE = YES;
				CLANG_WARN__DUPLICATE_METHOD_MATCH = YES;
				CODE_SIGN_IDENTITY = "-";
				COPY_PHASE_STRIP = NO;
				DEBUG_INFORMATION_FORMAT = "dwarf-with-dsym";
				ENABLE_NS_ASSERTIONS = NO;
				ENABLE_STRICT_OBJC_MSGSEND = YES;
				GCC_C_LANGUAGE_STANDARD = gnu11;
				GCC_NO_COMMON_BLOCKS = YES;
				GCC_WARN_64_TO_32_BIT_CONVERSION = YES;
				GCC_WARN_ABOUT_RETURN_TYPE = YES_ERROR;
				GCC_WARN_UNDECLARED_SELECTOR = YES;
				GCC_WARN_UNINITIALIZED_AUTOS = YES_AGGRESSIVE;
				GCC_WARN_UNUSED_FUNCTION = YES;
				GCC_WARN_UNUSED_VARIABLE = YES;
				MACOSX_DEPLOYMENT_TARGET = 10.12;
				MTL_ENABLE_DEBUG_INFO = NO;
				SDKROOT = macosx;
				SWIFT_OPTIMIZATION_LEVEL = "-Owholemodule";
			};
			name = Release;
		};
		05EB953C2094665400A5D76C /* Debug */ = {
			isa = XCBuildConfiguration;
			buildSettings = {
				ASSETCATALOG_COMPILER_APPICON_NAME = AppIcon;
				CODE_SIGN_ENTITLEMENTS = flowcus/flowcus.entitlements;
				CODE_SIGN_STYLE = Automatic;
				COMBINE_HIDPI_IMAGES = YES;
				DEVELOPMENT_TEAM = 8UB63GVU76;
				INFOPLIST_FILE = flowcus/Info.plist;
				LD_RUNPATH_SEARCH_PATHS = "$(inherited) @executable_path/../Frameworks";
				MACOSX_DEPLOYMENT_TARGET = 10.12;
				PRODUCT_BUNDLE_IDENTIFIER = com.codefulness.flowcus;
				PRODUCT_NAME = "$(TARGET_NAME)";
				SDKROOT = macosx;
				SWIFT_VERSION = 4.0;
			};
			name = Debug;
		};
		05EB953D2094665400A5D76C /* Release */ = {
			isa = XCBuildConfiguration;
			buildSettings = {
				ASSETCATALOG_COMPILER_APPICON_NAME = AppIcon;
				CODE_SIGN_ENTITLEMENTS = flowcus/flowcus.entitlements;
				CODE_SIGN_STYLE = Automatic;
				COMBINE_HIDPI_IMAGES = YES;
				DEVELOPMENT_TEAM = 8UB63GVU76;
				INFOPLIST_FILE = flowcus/Info.plist;
				LD_RUNPATH_SEARCH_PATHS = "$(inherited) @executable_path/../Frameworks";
				MACOSX_DEPLOYMENT_TARGET = 10.12;
				PRODUCT_BUNDLE_IDENTIFIER = com.codefulness.flowcus;
				PRODUCT_NAME = "$(TARGET_NAME)";
				SDKROOT = macosx;
				SWIFT_VERSION = 4.0;
			};
			name = Release;
		};
/* End XCBuildConfiguration section */

/* Begin XCConfigurationList section */
		05EB95282094665400A5D76C /* Build configuration list for PBXProject "flowcus" */ = {
			isa = XCConfigurationList;
			buildConfigurations = (
				05EB95392094665400A5D76C /* Debug */,
				05EB953A2094665400A5D76C /* Release */,
			);
			defaultConfigurationIsVisible = 0;
			defaultConfigurationName = Release;
		};
		05EB953B2094665400A5D76C /* Build configuration list for PBXNativeTarget "flowcus" */ = {
			isa = XCConfigurationList;
			buildConfigurations = (
				05EB953C2094665400A5D76C /* Debug */,
				05EB953D2094665400A5D76C /* Release */,
			);
			defaultConfigurationIsVisible = 0;
			defaultConfigurationName = Release;
		};
/* End XCConfigurationList section */
	};
	rootObject = 05EB95252094665400A5D76C /* Project object */;
}
