// !$*UTF8*$!
{
	archiveVersion = 1;
	classes = {
	};
	objectVersion = 48;
	objects = {

/* Begin PBXBuildFile section */
		050CCEEB20AF43980007E238 /* Assets.xcassets in Resources */ = {isa = PBXBuildFile; fileRef = 050CCEEA20AF43980007E238 /* Assets.xcassets */; };
		050CCEED20AF51BF0007E238 /* Bundle+pretty.swift in Sources */ = {isa = PBXBuildFile; fileRef = 050CCEEC20AF51BF0007E238 /* Bundle+pretty.swift */; };
		056006A8209524950005A4BD /* ding.m4a in Resources */ = {isa = PBXBuildFile; fileRef = 056006A7209524950005A4BD /* ding.m4a */; };
		05EB95312094665400A5D76C /* AppDelegate.swift in Sources */ = {isa = PBXBuildFile; fileRef = 05EB95302094665400A5D76C /* AppDelegate.swift */; };
		05EB95362094665400A5D76C /* MainMenu.xib in Resources */ = {isa = PBXBuildFile; fileRef = 05EB95342094665400A5D76C /* MainMenu.xib */; };
		05F4B7F42098C23400D9D5FE /* TODO.md in Resources */ = {isa = PBXBuildFile; fileRef = 05F4B7F32098C23400D9D5FE /* TODO.md */; };
		05F4B7F62098DFC500D9D5FE /* CALayer+PauseAnimation.swift in Sources */ = {isa = PBXBuildFile; fileRef = 05F4B7F52098DFC500D9D5FE /* CALayer+PauseAnimation.swift */; };
		05F4B7F82099AAAE00D9D5FE /* Int+format.swift in Sources */ = {isa = PBXBuildFile; fileRef = 05F4B7F72099AAAE00D9D5FE /* Int+format.swift */; };
		05F4B7FA2099F5A500D9D5FE /* AppDelegate+menu.swift in Sources */ = {isa = PBXBuildFile; fileRef = 05F4B7F92099F5A500D9D5FE /* AppDelegate+menu.swift */; };
		05F4B7FC2099F63100D9D5FE /* AppDelegate+Handlers.swift in Sources */ = {isa = PBXBuildFile; fileRef = 05F4B7FB2099F63100D9D5FE /* AppDelegate+Handlers.swift */; };
		05F4B7FE209A64FC00D9D5FE /* MenuState.swift in Sources */ = {isa = PBXBuildFile; fileRef = 05F4B7FD209A64FC00D9D5FE /* MenuState.swift */; };
		05F4B805209B488D00D9D5FE /* AppDelegate+Notifications.swift in Sources */ = {isa = PBXBuildFile; fileRef = 05F4B804209B488D00D9D5FE /* AppDelegate+Notifications.swift */; };
		26E4CFD859C33A32DFC38794 /* Pods_flowcus.framework in Frameworks */ = {isa = PBXBuildFile; fileRef = 27DABDAEEB84FF3FEFA8FB17 /* Pods_flowcus.framework */; };
/* End PBXBuildFile section */

/* Begin PBXFileReference section */
		050CCEEA20AF43980007E238 /* Assets.xcassets */ = {isa = PBXFileReference; lastKnownFileType = folder.assetcatalog; path = Assets.xcassets; sourceTree = "<group>"; };
		050CCEEC20AF51BF0007E238 /* Bundle+pretty.swift */ = {isa = PBXFileReference; lastKnownFileType = sourcecode.swift; path = "Bundle+pretty.swift"; sourceTree = "<group>"; };
		056006A520950F520005A4BD /* README.md */ = {isa = PBXFileReference; lastKnownFileType = net.daringfireball.markdown; path = README.md; sourceTree = "<group>"; };
		056006A7209524950005A4BD /* ding.m4a */ = {isa = PBXFileReference; lastKnownFileType = file; path = ding.m4a; sourceTree = "<group>"; };
		05EB952D2094665400A5D76C /* flowcus.app */ = {isa = PBXFileReference; explicitFileType = wrapper.application; includeInIndex = 0; path = flowcus.app; sourceTree = BUILT_PRODUCTS_DIR; };
		05EB95302094665400A5D76C /* AppDelegate.swift */ = {isa = PBXFileReference; lastKnownFileType = sourcecode.swift; path = AppDelegate.swift; sourceTree = "<group>"; };
		05EB95352094665400A5D76C /* Base */ = {isa = PBXFileReference; lastKnownFileType = file.xib; name = Base; path = Base.lproj/MainMenu.xib; sourceTree = "<group>"; };
		05EB95372094665400A5D76C /* Info.plist */ = {isa = PBXFileReference; lastKnownFileType = text.plist.xml; path = Info.plist; sourceTree = "<group>"; };
		05EB95382094665400A5D76C /* flowcus.entitlements */ = {isa = PBXFileReference; lastKnownFileType = text.plist.entitlements; path = flowcus.entitlements; sourceTree = "<group>"; };
		05F2122D25E8318600B8376B /* README.md */ = {isa = PBXFileReference; lastKnownFileType = net.daringfireball.markdown; path = README.md; sourceTree = "<group>"; };
		05F4B7F32098C23400D9D5FE /* TODO.md */ = {isa = PBXFileReference; lastKnownFileType = net.daringfireball.markdown; path = TODO.md; sourceTree = "<group>"; };
		05F4B7F52098DFC500D9D5FE /* CALayer+PauseAnimation.swift */ = {isa = PBXFileReference; lastKnownFileType = sourcecode.swift; path = "CALayer+PauseAnimation.swift"; sourceTree = "<group>"; };
		05F4B7F72099AAAE00D9D5FE /* Int+format.swift */ = {isa = PBXFileReference; lastKnownFileType = sourcecode.swift; path = "Int+format.swift"; sourceTree = "<group>"; };
		05F4B7F92099F5A500D9D5FE /* AppDelegate+menu.swift */ = {isa = PBXFileReference; lastKnownFileType = sourcecode.swift; path = "AppDelegate+menu.swift"; sourceTree = "<group>"; };
		05F4B7FB2099F63100D9D5FE /* AppDelegate+Handlers.swift */ = {isa = PBXFileReference; lastKnownFileType = sourcecode.swift; path = "AppDelegate+Handlers.swift"; sourceTree = "<group>"; };
		05F4B7FD209A64FC00D9D5FE /* MenuState.swift */ = {isa = PBXFileReference; lastKnownFileType = sourcecode.swift; path = MenuState.swift; sourceTree = "<group>"; };
		05F4B804209B488D00D9D5FE /* AppDelegate+Notifications.swift */ = {isa = PBXFileReference; lastKnownFileType = sourcecode.swift; path = "AppDelegate+Notifications.swift"; sourceTree = "<group>"; };
		27DABDAEEB84FF3FEFA8FB17 /* Pods_flowcus.framework */ = {isa = PBXFileReference; explicitFileType = wrapper.framework; includeInIndex = 0; path = Pods_flowcus.framework; sourceTree = BUILT_PRODUCTS_DIR; };
		2A31382CF5E95E869544243C /* Pods-flowcus.debug.xcconfig */ = {isa = PBXFileReference; includeInIndex = 1; lastKnownFileType = text.xcconfig; name = "Pods-flowcus.debug.xcconfig"; path = "Pods/Target Support Files/Pods-flowcus/Pods-flowcus.debug.xcconfig"; sourceTree = "<group>"; };
		EDDE5B6819C218F6BE57D0F6 /* Pods-flowcus.release.xcconfig */ = {isa = PBXFileReference; includeInIndex = 1; lastKnownFileType = text.xcconfig; name = "Pods-flowcus.release.xcconfig"; path = "Pods/Target Support Files/Pods-flowcus/Pods-flowcus.release.xcconfig"; sourceTree = "<group>"; };
/* End PBXFileReference section */

/* Begin PBXFrameworksBuildPhase section */
		05EB952A2094665400A5D76C /* Frameworks */ = {
			isa = PBXFrameworksBuildPhase;
			buildActionMask = 2147483647;
			files = (
				26E4CFD859C33A32DFC38794 /* Pods_flowcus.framework in Frameworks */,
			);
			runOnlyForDeploymentPostprocessing = 0;
		};
/* End PBXFrameworksBuildPhase section */

/* Begin PBXGroup section */
		058DA47720AE2439009834D3 /* Frameworks */ = {
			isa = PBXGroup;
			children = (
				27DABDAEEB84FF3FEFA8FB17 /* Pods_flowcus.framework */,
			);
			name = Frameworks;
			sourceTree = "<group>";
		};
		05EB95242094665400A5D76C = {
			isa = PBXGroup;
			children = (
				05F2122D25E8318600B8376B /* README.md */,
				05EB952F2094665400A5D76C /* flowcus */,
				05EB952E2094665400A5D76C /* Products */,
				058DA47720AE2439009834D3 /* Frameworks */,
				EE241CE4305526CF12E24835 /* Pods */,
			);
			sourceTree = "<group>";
		};
		05EB952E2094665400A5D76C /* Products */ = {
			isa = PBXGroup;
			children = (
				05EB952D2094665400A5D76C /* flowcus.app */,
			);
			name = Products;
			sourceTree = "<group>";
		};
		05EB952F2094665400A5D76C /* flowcus */ = {
			isa = PBXGroup;
			children = (
				050CCEEA20AF43980007E238 /* Assets.xcassets */,
				056006A7209524950005A4BD /* ding.m4a */,
				05EB95302094665400A5D76C /* AppDelegate.swift */,
				05EB95342094665400A5D76C /* MainMenu.xib */,
				05EB95372094665400A5D76C /* Info.plist */,
				05EB95382094665400A5D76C /* flowcus.entitlements */,
				056006A520950F520005A4BD /* README.md */,
				05F4B7F32098C23400D9D5FE /* TODO.md */,
				05F4B7F52098DFC500D9D5FE /* CALayer+PauseAnimation.swift */,
				05F4B7F72099AAAE00D9D5FE /* Int+format.swift */,
				05F4B7F92099F5A500D9D5FE /* AppDelegate+menu.swift */,
				05F4B7FB2099F63100D9D5FE /* AppDelegate+Handlers.swift */,
				05F4B7FD209A64FC00D9D5FE /* MenuState.swift */,
				05F4B804209B488D00D9D5FE /* AppDelegate+Notifications.swift */,
				050CCEEC20AF51BF0007E238 /* Bundle+pretty.swift */,
			);
			path = flowcus;
			sourceTree = "<group>";
		};
		EE241CE4305526CF12E24835 /* Pods */ = {
			isa = PBXGroup;
			children = (
				2A31382CF5E95E869544243C /* Pods-flowcus.debug.xcconfig */,
				EDDE5B6819C218F6BE57D0F6 /* Pods-flowcus.release.xcconfig */,
			);
			name = Pods;
			sourceTree = "<group>";
		};
/* End PBXGroup section */

/* Begin PBXNativeTarget section */
		05EB952C2094665400A5D76C /* flowcus */ = {
			isa = PBXNativeTarget;
			buildConfigurationList = 05EB953B2094665400A5D76C /* Build configuration list for PBXNativeTarget "flowcus" */;
			buildPhases = (
				360F75E55EC4EAEB9E3FBD4F /* [CP] Check Pods Manifest.lock */,
				05EB95292094665400A5D76C /* Sources */,
				05EB952A2094665400A5D76C /* Frameworks */,
				05EB952B2094665400A5D76C /* Resources */,
				BAF2D73880BC43B71BE9EFA5 /* [CP] Embed Pods Frameworks */,
			);
			buildRules = (
			);
			dependencies = (
			);
			name = flowcus;
			productName = flowcus;
			productReference = 05EB952D2094665400A5D76C /* flowcus.app */;
			productType = "com.apple.product-type.application";
		};
/* End PBXNativeTarget section */

/* Begin PBXProject section */
		05EB95252094665400A5D76C /* Project object */ = {
			isa = PBXProject;
			attributes = {
				LastSwiftUpdateCheck = 0920;
				LastUpgradeCheck = 0920;
				ORGANIZATIONNAME = CafeConCodigo;
				TargetAttributes = {
					05EB952C2094665400A5D76C = {
						CreatedOnToolsVersion = 9.2;
						ProvisioningStyle = Automatic;
						SystemCapabilities = {
							com.apple.InAppPurchase = {
								enabled = 0;
							};
						};
					};
				};
			};
			buildConfigurationList = 05EB95282094665400A5D76C /* Build configuration list for PBXProject "flowcus" */;
			compatibilityVersion = "Xcode 8.0";
			developmentRegion = en;
			hasScannedForEncodings = 0;
			knownRegions = (
				en,
				Base,
			);
			mainGroup = 05EB95242094665400A5D76C;
			productRefGroup = 05EB952E2094665400A5D76C /* Products */;
			projectDirPath = "";
			projectRoot = "";
			targets = (
				05EB952C2094665400A5D76C /* flowcus */,
			);
		};
/* End PBXProject section */

/* Begin PBXResourcesBuildPhase section */
		05EB952B2094665400A5D76C /* Resources */ = {
			isa = PBXResourcesBuildPhase;
			buildActionMask = 2147483647;
			files = (
				05F4B7F42098C23400D9D5FE /* TODO.md in Resources */,
				056006A8209524950005A4BD /* ding.m4a in Resources */,
				050CCEEB20AF43980007E238 /* Assets.xcassets in Resources */,
				05EB95362094665400A5D76C /* MainMenu.xib in Resources */,
			);
			runOnlyForDeploymentPostprocessing = 0;
		};
/* End PBXResourcesBuildPhase section */

/* Begin PBXShellScriptBuildPhase section */
		360F75E55EC4EAEB9E3FBD4F /* [CP] Check Pods Manifest.lock */ = {
			isa = PBXShellScriptBuildPhase;
			buildActionMask = 2147483647;
			files = (
			);
			inputPaths = (
				"${PODS_PODFILE_DIR_PATH}/Podfile.lock",
				"${PODS_ROOT}/Manifest.lock",
			);
			name = "[CP] Check Pods Manifest.lock";
			outputPaths = (
				"$(DERIVED_FILE_DIR)/Pods-flowcus-checkManifestLockResult.txt",
			);
			runOnlyForDeploymentPostprocessing = 0;
			shellPath = /bin/sh;
			shellScript = "diff \"${PODS_PODFILE_DIR_PATH}/Podfile.lock\" \"${PODS_ROOT}/Manifest.lock\" > /dev/null\nif [ $? != 0 ] ; then\n    # print error to STDERR\n    echo \"error: The sandbox is not in sync with the Podfile.lock. Run 'pod install' or update your CocoaPods installation.\" >&2\n    exit 1\nfi\n# This output is used by Xcode 'outputs' to avoid re-running this script phase.\necho \"SUCCESS\" > \"${SCRIPT_OUTPUT_FILE_0}\"\n";
			showEnvVarsInLog = 0;
		};
		BAF2D73880BC43B71BE9EFA5 /* [CP] Embed Pods Frameworks */ = {
			isa = PBXShellScriptBuildPhase;
			buildActionMask = 2147483647;
			files = (
			);
			inputPaths = (
				"${PODS_ROOT}/Target Support Files/Pods-flowcus/Pods-flowcus-frameworks.sh",
				"${BUILT_PRODUCTS_DIR}/Aperture/Aperture.framework",
			);
			name = "[CP] Embed Pods Frameworks";
			outputPaths = (
				"${TARGET_BUILD_DIR}/${FRAMEWORKS_FOLDER_PATH}/Aperture.framework",
			);
			runOnlyForDeploymentPostprocessing = 0;
			shellPath = /bin/sh;
			shellScript = "\"${PODS_ROOT}/Target Support Files/Pods-flowcus/Pods-flowcus-frameworks.sh\"\n";
			showEnvVarsInLog = 0;
		};
/* End PBXShellScriptBuildPhase section */

/* Begin PBXSourcesBuildPhase section */
		05EB95292094665400A5D76C /* Sources */ = {
			isa = PBXSourcesBuildPhase;
			buildActionMask = 2147483647;
			files = (
				05F4B7FE209A64FC00D9D5FE /* MenuState.swift in Sources */,
				05F4B805209B488D00D9D5FE /* AppDelegate+Notifications.swift in Sources */,
				05EB95312094665400A5D76C /* AppDelegate.swift in Sources */,
				050CCEED20AF51BF0007E238 /* Bundle+pretty.swift in Sources */,
				05F4B7FC2099F63100D9D5FE /* AppDelegate+Handlers.swift in Sources */,
				05F4B7FA2099F5A500D9D5FE /* AppDelegate+menu.swift in Sources */,
				05F4B7F62098DFC500D9D5FE /* CALayer+PauseAnimation.swift in Sources */,
				05F4B7F82099AAAE00D9D5FE /* Int+format.swift in Sources */,
			);
			runOnlyForDeploymentPostprocessing = 0;
		};
/* End PBXSourcesBuildPhase section */

/* Begin PBXVariantGroup section */
		05EB95342094665400A5D76C /* MainMenu.xib */ = {
			isa = PBXVariantGroup;
			children = (
				05EB95352094665400A5D76C /* Base */,
			);
			name = MainMenu.xib;
			sourceTree = "<group>";
		};
/* End PBXVariantGroup section */

/* Begin XCBuildConfiguration section */
		05EB95392094665400A5D76C /* Debug */ = {
			isa = XCBuildConfiguration;
			buildSettings = {
				ALWAYS_SEARCH_USER_PATHS = NO;
				CLANG_ANALYZER_NONNULL = YES;
				CLANG_ANALYZER_NUMBER_OBJECT_CONVERSION = YES_AGGRESSIVE;
				CLANG_CXX_LANGUAGE_STANDARD = "gnu++14";
				CLANG_CXX_LIBRARY = "libc++";
				CLANG_ENABLE_MODULES = YES;
				CLANG_ENABLE_OBJC_ARC = YES;
				CLANG_WARN_BLOCK_CAPTURE_AUTORELEASING = YES;
				CLANG_WARN_BOOL_CONVERSION = YES;
				CLANG_WARN_COMMA = YES;
				CLANG_WARN_CONSTANT_CONVERSION = YES;
				CLANG_WARN_DIRECT_OBJC_ISA_USAGE = YES_ERROR;
				CLANG_WARN_DOCUMENTATION_COMMENTS = YES;
				CLANG_WARN_EMPTY_BODY = YES;
				CLANG_WARN_ENUM_CONVERSION = YES;
				CLANG_WARN_INFINITE_RECURSION = YES;
				CLANG_WARN_INT_CONVERSION = YES;
				CLANG_WARN_NON_LITERAL_NULL_CONVERSION = YES;
				CLANG_WARN_OBJC_LITERAL_CONVERSION = YES;
				CLANG_WARN_OBJC_ROOT_CLASS = YES_ERROR;
				CLANG_WARN_RANGE_LOOP_ANALYSIS = YES;
				CLANG_WARN_STRICT_PROTOTYPES = YES;
				CLANG_WARN_SUSPICIOUS_MOVE = YES;
				CLANG_WARN_UNGUARDED_AVAILABILITY = YES_AGGRESSIVE;
				CLANG_WARN_UNREACHABLE_CODE = YES;
				CLANG_WARN__DUPLICATE_METHOD_MATCH = YES;
				CODE_SIGN_IDENTITY = "-";
				COPY_PHASE_STRIP = NO;
				DEBUG_INFORMATION_FORMAT = dwarf;
				ENABLE_STRICT_OBJC_MSGSEND = YES;
				ENABLE_TESTABILITY = YES;
				GCC_C_LANGUAGE_STANDARD = gnu11;
				GCC_DYNAMIC_NO_PIC = NO;
				GCC_NO_COMMON_BLOCKS = YES;
				GCC_OPTIMIZATION_LEVEL = 0;
				GCC_PREPROCESSOR_DEFINITIONS = (
					"DEBUG=1",
					"$(inherited)",
				);
				GCC_WARN_64_TO_32_BIT_CONVERSION = YES;
				GCC_WARN_ABOUT_RETURN_TYPE = YES_ERROR;
				GCC_WARN_UNDECLARED_SELECTOR = YES;
				GCC_WARN_UNINITIALIZED_AUTOS = YES_AGGRESSIVE;
				GCC_WARN_UNUSED_FUNCTION = YES;
				GCC_WARN_UNUSED_VARIABLE = YES;
				MACOSX_DEPLOYMENT_TARGET = 10.12;
				MTL_ENABLE_DEBUG_INFO = YES;
				ONLY_ACTIVE_ARCH = YES;
				SDKROOT = macosx;
				SWIFT_ACTIVE_COMPILATION_CONDITIONS = DEBUG;
				SWIFT_OPTIMIZATION_LEVEL = "-Onone";
			};
			name = Debug;
		};
		05EB953A2094665400A5D76C /* Release */ = {
			isa = XCBuildConfiguration;
			buildSettings = {
				ALWAYS_SEARCH_USER_PATHS = NO;
				CLANG_ANALYZER_NONNULL = YES;
				CLANG_ANALYZER_NUMBER_OBJECT_CONVERSION = YES_AGGRESSIVE;
				CLANG_CXX_LANGUAGE_STANDARD = "gnu++14";
				CLANG_CXX_LIBRARY = "libc++";
				CLANG_ENABLE_MODULES = YES;
				CLANG_ENABLE_OBJC_ARC = YES;
				CLANG_WARN_BLOCK_CAPTURE_AUTORELEASING = YES;
				CLANG_WARN_BOOL_CONVERSION = YES;
				CLANG_WARN_COMMA = YES;
				CLANG_WARN_CONSTANT_CONVERSION = YES;
				CLANG_WARN_DIRECT_OBJC_ISA_USAGE = YES_ERROR;
				CLANG_WARN_DOCUMENTATION_COMMENTS = YES;
				CLANG_WARN_EMPTY_BODY = YES;
				CLANG_WARN_ENUM_CONVERSION = YES;
				CLANG_WARN_INFINITE_RECURSION = YES;
				CLANG_WARN_INT_CONVERSION = YES;
				CLANG_WARN_NON_LITERAL_NULL_CONVERSION = YES;
				CLANG_WARN_OBJC_LITERAL_CONVERSION = YES;
				CLANG_WARN_OBJC_ROOT_CLASS = YES_ERROR;
				CLANG_WARN_RANGE_LOOP_ANALYSIS = YES;
				CLANG_WARN_STRICT_PROTOTYPES = YES;
				CLANG_WARN_SUSPICIOUS_MOVE = YES;
				CLANG_WARN_UNGUARDED_AVAILABILITY = YES_AGGRESSIVE;
				CLANG_WARN_UNREACHABLE_CODE = YES;
				CLANG_WARN__DUPLICATE_METHOD_MATCH = YES;
				CODE_SIGN_IDENTITY = "-";
				COPY_PHASE_STRIP = NO;
				DEBUG_INFORMATION_FORMAT = "dwarf-with-dsym";
				ENABLE_NS_ASSERTIONS = NO;
				ENABLE_STRICT_OBJC_MSGSEND = YES;
				GCC_C_LANGUAGE_STANDARD = gnu11;
				GCC_NO_COMMON_BLOCKS = YES;
				GCC_WARN_64_TO_32_BIT_CONVERSION = YES;
				GCC_WARN_ABOUT_RETURN_TYPE = YES_ERROR;
				GCC_WARN_UNDECLARED_SELECTOR = YES;
				GCC_WARN_UNINITIALIZED_AUTOS = YES_AGGRESSIVE;
				GCC_WARN_UNUSED_FUNCTION = YES;
				GCC_WARN_UNUSED_VARIABLE = YES;
				MACOSX_DEPLOYMENT_TARGET = 10.12;
				MTL_ENABLE_DEBUG_INFO = NO;
				SDKROOT = macosx;
				SWIFT_OPTIMIZATION_LEVEL = "-Owholemodule";
			};
			name = Release;
		};
		05EB953C2094665400A5D76C /* Debug */ = {
			isa = XCBuildConfiguration;
			baseConfigurationReference = 2A31382CF5E95E869544243C /* Pods-flowcus.debug.xcconfig */;
			buildSettings = {
				ASSETCATALOG_COMPILER_APPICON_NAME = AppIcon;
				CODE_SIGN_IDENTITY = "Mac Developer";
				CODE_SIGN_STYLE = Automatic;
				COMBINE_HIDPI_IMAGES = YES;
				DEVELOPMENT_TEAM = 29F3MVTSX5;
				INFOPLIST_FILE = flowcus/Info.plist;
				LD_RUNPATH_SEARCH_PATHS = "$(inherited) @executable_path/../Frameworks";
				MACOSX_DEPLOYMENT_TARGET = 10.12;
				MARKETING_VERSION = 1.2.24;
				PRODUCT_BUNDLE_IDENTIFIER = com.codefulness.flowcus;
				PRODUCT_NAME = "$(TARGET_NAME)";
				PROVISIONING_PROFILE_SPECIFIER = "";
				SDKROOT = macosx;
				SWIFT_VERSION = 4.0;
			};
			name = Debug;
		};
		05EB953D2094665400A5D76C /* Release */ = {
			isa = XCBuildConfiguration;
			baseConfigurationReference = EDDE5B6819C218F6BE57D0F6 /* Pods-flowcus.release.xcconfig */;
			buildSettings = {
				ASSETCATALOG_COMPILER_APPICON_NAME = AppIcon;
				CODE_SIGN_IDENTITY = "Mac Developer";
				CODE_SIGN_STYLE = Automatic;
				COMBINE_HIDPI_IMAGES = YES;
				DEVELOPMENT_TEAM = 29F3MVTSX5;
				INFOPLIST_FILE = flowcus/Info.plist;
				LD_RUNPATH_SEARCH_PATHS = "$(inherited) @executable_path/../Frameworks";
				MACOSX_DEPLOYMENT_TARGET = 10.12;
				MARKETING_VERSION = 1.2.24;
				PRODUCT_BUNDLE_IDENTIFIER = com.codefulness.flowcus;
				PRODUCT_NAME = "$(TARGET_NAME)";
				PROVISIONING_PROFILE_SPECIFIER = "";
				SDKROOT = macosx;
				SWIFT_VERSION = 4.0;
			};
			name = Release;
		};
/* End XCBuildConfiguration section */

/* Begin XCConfigurationList section */
		05EB95282094665400A5D76C /* Build configuration list for PBXProject "flowcus" */ = {
			isa = XCConfigurationList;
			buildConfigurations = (
				05EB95392094665400A5D76C /* Debug */,
				05EB953A2094665400A5D76C /* Release */,
			);
			defaultConfigurationIsVisible = 0;
			defaultConfigurationName = Release;
		};
		05EB953B2094665400A5D76C /* Build configuration list for PBXNativeTarget "flowcus" */ = {
			isa = XCConfigurationList;
			buildConfigurations = (
				05EB953C2094665400A5D76C /* Debug */,
				05EB953D2094665400A5D76C /* Release */,
			);
			defaultConfigurationIsVisible = 0;
			defaultConfigurationName = Release;
		};
/* End XCConfigurationList section */
	};
	rootObject = 05EB95252094665400A5D76C /* Project object */;
}
